
Microsoft Visual Studio Solution File, Format Version 12.00
# Visual Studio Version 17
VisualStudioVersion = 17.0.31912.275
MinimumVisualStudioVersion = 10.0.40219.1
Project("{8BC9CEB8-8B4A-11D0-8D11-00A0C91BC942}") = "10行杨辉三角", "10行杨辉三角\10行杨辉三角.vcxproj", "{C5E8B7AD-3AA3-40E4-8186-84D2757C5C70}"
EndProject
Global
	GlobalSection(SolutionConfigurationPlatforms) = preSolution
		Debug|x64 = Debug|x64
		Debug|x86 = Debug|x86
		Release|x64 = Release|x64
		Release|x86 = Release|x86
	EndGlobalSection
	GlobalSection(ProjectConfigurationPlatforms) = postSolution
		{C5E8B7AD-3AA3-40E4-8186-84D2757C5C70}.Debug|x64.ActiveCfg = Debug|x64
		{C5E8B7AD-3AA3-40E4-8186-84D2757C5C70}.Debug|x64.Build.0 = Debug|x64
		{C5E8B7AD-3AA3-40E4-8186-84D2757C5C70}.Debug|x86.ActiveCfg = Debug|Win32
		{C5E8B7AD-3AA3-40E4-8186-84D2757C5C70}.Debug|x86.Build.0 = Debug|Win32
		{C5E8B7AD-3AA3-40E4-8186-84D2757C5C70}.Release|x64.ActiveCfg = Release|x64
		{C5E8B7AD-3AA3-40E4-8186-84D2757C5C70}.Release|x64.Build.0 = Release|x64
		{C5E8B7AD-3AA3-40E4-8186-84D2757C5C70}.Release|x86.ActiveCfg = Release|Win32
		{C5E8B7AD-3AA3-40E4-8186-84D2757C5C70}.Release|x86.Build.0 = Release|Win32
	EndGlobalSection
	GlobalSection(SolutionProperties) = preSolution
		HideSolutionNode = FALSE
	EndGlobalSection
	GlobalSection(ExtensibilityGlobals) = postSolution
		SolutionGuid = {F49500BC-3ED6-46CD-BA77-276AFFD6883D}
	EndGlobalSection
EndGlobal
